<?xml version="1.0" encoding="utf-8"?>
<Project ToolsVersion="4.0" xmlns="http://schemas.microsoft.com/developer/msbuild/2003">
  <ItemGroup>
    <Filter Include="源文件">
      <UniqueIdentifier>{4FC737F1-C7A5-4376-A066-2A32D752A2FF}</UniqueIdentifier>
      <Extensions>cpp;c;cc;cxx;def;odl;idl;hpj;bat;asm;asmx</Extensions>
    </Filter>
    <Filter Include="头文件">
      <UniqueIdentifier>{93995380-89BD-4b04-88EB-625FBE52EBFB}</UniqueIdentifier>
      <Extensions>h;hh;hpp;hxx;hm;inl;inc;ipp;xsd</Extensions>
    </Filter>
    <Filter Include="资源文件">
      <UniqueIdentifier>{67DA6AB6-F800-4c08-8B7A-83BB121AAD01}</UniqueIdentifier>
      <Extensions>rc;ico;cur;bmp;dlg;rc2;rct;bin;rgs;gif;jpg;jpeg;jpe;resx;tiff;tif;png;wav;mfcribbon-ms</Extensions>
    </Filter>
  </ItemGroup>
  <ItemGroup>
    <Library Include="libs\glfw3.lib" />
  </ItemGroup>
  <ItemGroup>
    <ClCompile Include="include\glad.c">
      <Filter>源文件</Filter>
    </ClCompile>
    <ClCompile Include="examples\main.cpp">
      <Filter>源文件</Filter>
    </ClCompile>
    <ClCompile Include="include\stb_image.cpp">
      <Filter>源文件</Filter>
    </ClCompile>
    <ClCompile Include="examples\baseexamples\testwindow.cpp">
      <Filter>源文件</Filter>
    </ClCompile>
    <ClCompile Include="examples\commonfunc.cpp">
      <Filter>源文件</Filter>
    </ClCompile>
    <ClCompile Include="include\myshader\myshader.cpp">
      <Filter>源文件</Filter>
    </ClCompile>
    <ClCompile Include="examples\baseexamples\testshader.cpp">
      <Filter>源文件</Filter>
    </ClCompile>
    <ClCompile Include="examples\baseexamples\testimage.cpp">
      <Filter>源文件</Filter>
    </ClCompile>
    <ClCompile Include="examples\baseexamples\testgml.cpp">
      <Filter>源文件</Filter>
    </ClCompile>
    <ClCompile Include="examples\baseexamples\testspace.cpp">
      <Filter>源文件</Filter>
    </ClCompile>
    <ClCompile Include="examples\baseexamples\testcamera.cpp">
      <Filter>源文件</Filter>
    </ClCompile>
    <ClCompile Include="examples\lightexample\testlightbase.cpp">
      <Filter>源文件</Filter>
    </ClCompile>
  </ItemGroup>
  <ItemGroup>
    <ClInclude Include="examples\config.h">
      <Filter>头文件</Filter>
    </ClInclude>
    <ClInclude Include="include\myshader\myshader.h">
      <Filter>头文件</Filter>
    </ClInclude>
    <ClInclude Include="examples\camera.h">
      <Filter>头文件</Filter>
    </ClInclude>
  </ItemGroup>
  <ItemGroup>
    <None Include="shader\baseshader\gml.vs" />
    <None Include="shader\baseshader\gml.fs" />
    <None Include="shader\baseshader\baseshader.fs" />
    <None Include="shader\baseshader\baseshader.vs" />
    <None Include="shader\baseshader\textureshader.fs" />
    <None Include="shader\baseshader\textureshader.vs" />
    <None Include="shader\baseshader\tspace.vs" />
    <None Include="shader\baseshader\tspace.fs" />
    <None Include="shader\lightshader\lightshader.fs" />
    <None Include="shader\lightshader\objectshader.vs" />
    <None Include="shader\lightshader\objectshader.fs" />
    <None Include="shader\lightshader\lightshader.vs" />
  </ItemGroup>
</Project>